
Microsoft Visual Studio Solution File, Format Version 12.00
# Visual Studio Version 16
VisualStudioVersion = 16.0.30611.23
MinimumVisualStudioVersion = 10.0.40219.1
Project("{FAE04EC0-301F-11D3-BF4B-00C04F79EFBC}") = "OCPSolutionApp", "OCPSolutionApp\OCPSolutionApp.csproj", "{8C335BE7-693B-4B57-BE18-75B6F3A470EE}"
EndProject
Global
	GlobalSection(SolutionConfigurationPlatforms) = preSolution
		Debug|Any CPU = Debug|Any CPU
		Release|Any CPU = Release|Any CPU
	EndGlobalSection
	GlobalSection(ProjectConfigurationPlatforms) = postSolution
		{8C335BE7-693B-4B57-BE18-75B6F3A470EE}.Debug|Any CPU.ActiveCfg = Debug|Any CPU
		{8C335BE7-693B-4B57-BE18-75B6F3A470EE}.Debug|Any CPU.Build.0 = Debug|Any CPU
		{8C335BE7-693B-4B57-BE18-75B6F3A470EE}.Release|Any CPU.ActiveCfg = Release|Any CPU
		{8C335BE7-693B-4B57-BE18-75B6F3A470EE}.Release|Any CPU.Build.0 = Release|Any CPU
	EndGlobalSection
	GlobalSection(SolutionProperties) = preSolution
		HideSolutionNode = FALSE
	EndGlobalSection
	GlobalSection(ExtensibilityGlobals) = postSolution
		SolutionGuid = {3ABB8EB6-F687-4A84-A0A3-735F95F93F81}
	EndGlobalSection
EndGlobal
