
Microsoft Visual Studio Solution File, Format Version 12.00
# Visual Studio Version 16
VisualStudioVersion = 16.0.30611.23
MinimumVisualStudioVersion = 10.0.40219.1
Project("{FAE04EC0-301F-11D3-BF4B-00C04F79EFBC}") = "PersonTestApp", "PersonTestApp\PersonTestApp.csproj", "{2D2CC919-5208-40B1-A8A3-B735F49A942C}"
EndProject
Global
	GlobalSection(SolutionConfigurationPlatforms) = preSolution
		Debug|Any CPU = Debug|Any CPU
		Release|Any CPU = Release|Any CPU
	EndGlobalSection
	GlobalSection(ProjectConfigurationPlatforms) = postSolution
		{2D2CC919-5208-40B1-A8A3-B735F49A942C}.Debug|Any CPU.ActiveCfg = Debug|Any CPU
		{2D2CC919-5208-40B1-A8A3-B735F49A942C}.Debug|Any CPU.Build.0 = Debug|Any CPU
		{2D2CC919-5208-40B1-A8A3-B735F49A942C}.Release|Any CPU.ActiveCfg = Release|Any CPU
		{2D2CC919-5208-40B1-A8A3-B735F49A942C}.Release|Any CPU.Build.0 = Release|Any CPU
	EndGlobalSection
	GlobalSection(SolutionProperties) = preSolution
		HideSolutionNode = FALSE
	EndGlobalSection
	GlobalSection(ExtensibilityGlobals) = postSolution
		SolutionGuid = {53BE7C7E-5A11-4BF9-A2A4-30547D36A223}
	EndGlobalSection
EndGlobal
