
Microsoft Visual Studio Solution File, Format Version 12.00
# Visual Studio Version 16
VisualStudioVersion = 16.0.30611.23
MinimumVisualStudioVersion = 10.0.40219.1
Project("{FAE04EC0-301F-11D3-BF4B-00C04F79EFBC}") = "CustomerShoppingApp", "CustomerShoppingApp\CustomerShoppingApp.csproj", "{46D6E56F-8410-414D-B889-FB47065534CE}"
EndProject
Global
	GlobalSection(SolutionConfigurationPlatforms) = preSolution
		Debug|Any CPU = Debug|Any CPU
		Release|Any CPU = Release|Any CPU
	EndGlobalSection
	GlobalSection(ProjectConfigurationPlatforms) = postSolution
		{46D6E56F-8410-414D-B889-FB47065534CE}.Debug|Any CPU.ActiveCfg = Debug|Any CPU
		{46D6E56F-8410-414D-B889-FB47065534CE}.Debug|Any CPU.Build.0 = Debug|Any CPU
		{46D6E56F-8410-414D-B889-FB47065534CE}.Release|Any CPU.ActiveCfg = Release|Any CPU
		{46D6E56F-8410-414D-B889-FB47065534CE}.Release|Any CPU.Build.0 = Release|Any CPU
	EndGlobalSection
	GlobalSection(SolutionProperties) = preSolution
		HideSolutionNode = FALSE
	EndGlobalSection
	GlobalSection(ExtensibilityGlobals) = postSolution
		SolutionGuid = {754835D7-4621-47F4-AE1D-8527F9ADB6D7}
	EndGlobalSection
EndGlobal
