
Microsoft Visual Studio Solution File, Format Version 12.00
# Visual Studio Version 16
VisualStudioVersion = 16.0.30611.23
MinimumVisualStudioVersion = 10.0.40219.1
Project("{FAE04EC0-301F-11D3-BF4B-00C04F79EFBC}") = "CustomeAttribute", "CustomeAttribute\CustomeAttribute.csproj", "{7715A103-29A2-4EC5-AEC9-C7DF9667CBAF}"
EndProject
Project("{FAE04EC0-301F-11D3-BF4B-00C04F79EFBC}") = "ReflactionTest", "ReflactionTest\ReflactionTest.csproj", "{9D05E5CE-F1CA-42DF-8E1F-A512377591DF}"
EndProject
Global
	GlobalSection(SolutionConfigurationPlatforms) = preSolution
		Debug|Any CPU = Debug|Any CPU
		Release|Any CPU = Release|Any CPU
	EndGlobalSection
	GlobalSection(ProjectConfigurationPlatforms) = postSolution
		{7715A103-29A2-4EC5-AEC9-C7DF9667CBAF}.Debug|Any CPU.ActiveCfg = Debug|Any CPU
		{7715A103-29A2-4EC5-AEC9-C7DF9667CBAF}.Debug|Any CPU.Build.0 = Debug|Any CPU
		{7715A103-29A2-4EC5-AEC9-C7DF9667CBAF}.Release|Any CPU.ActiveCfg = Release|Any CPU
		{7715A103-29A2-4EC5-AEC9-C7DF9667CBAF}.Release|Any CPU.Build.0 = Release|Any CPU
		{9D05E5CE-F1CA-42DF-8E1F-A512377591DF}.Debug|Any CPU.ActiveCfg = Debug|Any CPU
		{9D05E5CE-F1CA-42DF-8E1F-A512377591DF}.Debug|Any CPU.Build.0 = Debug|Any CPU
		{9D05E5CE-F1CA-42DF-8E1F-A512377591DF}.Release|Any CPU.ActiveCfg = Release|Any CPU
		{9D05E5CE-F1CA-42DF-8E1F-A512377591DF}.Release|Any CPU.Build.0 = Release|Any CPU
	EndGlobalSection
	GlobalSection(SolutionProperties) = preSolution
		HideSolutionNode = FALSE
	EndGlobalSection
	GlobalSection(ExtensibilityGlobals) = postSolution
		SolutionGuid = {FD6267C1-CAF0-4CC8-B8E0-98A1D67433A3}
	EndGlobalSection
EndGlobal
