
Microsoft Visual Studio Solution File, Format Version 12.00
# Visual Studio Version 16
VisualStudioVersion = 16.0.30611.23
MinimumVisualStudioVersion = 10.0.40219.1
Project("{FAE04EC0-301F-11D3-BF4B-00C04F79EFBC}") = "LinqToXMLApp", "LinqToXMLApp\LinqToXMLApp.csproj", "{1203E720-6211-47E7-9601-60A9B7492FE4}"
EndProject
Global
	GlobalSection(SolutionConfigurationPlatforms) = preSolution
		Debug|Any CPU = Debug|Any CPU
		Release|Any CPU = Release|Any CPU
	EndGlobalSection
	GlobalSection(ProjectConfigurationPlatforms) = postSolution
		{1203E720-6211-47E7-9601-60A9B7492FE4}.Debug|Any CPU.ActiveCfg = Debug|Any CPU
		{1203E720-6211-47E7-9601-60A9B7492FE4}.Debug|Any CPU.Build.0 = Debug|Any CPU
		{1203E720-6211-47E7-9601-60A9B7492FE4}.Release|Any CPU.ActiveCfg = Release|Any CPU
		{1203E720-6211-47E7-9601-60A9B7492FE4}.Release|Any CPU.Build.0 = Release|Any CPU
	EndGlobalSection
	GlobalSection(SolutionProperties) = preSolution
		HideSolutionNode = FALSE
	EndGlobalSection
	GlobalSection(ExtensibilityGlobals) = postSolution
		SolutionGuid = {E8881EB0-2E39-42FD-8815-B3CC3A0012B1}
	EndGlobalSection
EndGlobal
