
Microsoft Visual Studio Solution File, Format Version 12.00
# Visual Studio Version 16
VisualStudioVersion = 16.0.30611.23
MinimumVisualStudioVersion = 10.0.40219.1
Project("{FAE04EC0-301F-11D3-BF4B-00C04F79EFBC}") = "FuncActionPredicate1DemoApp", "FuncActionPredicate1DemoApp\FuncActionPredicate1DemoApp.csproj", "{66757E84-C26F-45E8-87BE-13738E03A15F}"
EndProject
Global
	GlobalSection(SolutionConfigurationPlatforms) = preSolution
		Debug|Any CPU = Debug|Any CPU
		Release|Any CPU = Release|Any CPU
	EndGlobalSection
	GlobalSection(ProjectConfigurationPlatforms) = postSolution
		{66757E84-C26F-45E8-87BE-13738E03A15F}.Debug|Any CPU.ActiveCfg = Debug|Any CPU
		{66757E84-C26F-45E8-87BE-13738E03A15F}.Debug|Any CPU.Build.0 = Debug|Any CPU
		{66757E84-C26F-45E8-87BE-13738E03A15F}.Release|Any CPU.ActiveCfg = Release|Any CPU
		{66757E84-C26F-45E8-87BE-13738E03A15F}.Release|Any CPU.Build.0 = Release|Any CPU
	EndGlobalSection
	GlobalSection(SolutionProperties) = preSolution
		HideSolutionNode = FALSE
	EndGlobalSection
	GlobalSection(ExtensibilityGlobals) = postSolution
		SolutionGuid = {6FE3C604-AFF1-470B-A1CD-99A2CE7CFA65}
	EndGlobalSection
EndGlobal
