
Microsoft Visual Studio Solution File, Format Version 12.00
# Visual Studio Version 16
VisualStudioVersion = 16.0.30621.155
MinimumVisualStudioVersion = 10.0.40219.1
Project("{FAE04EC0-301F-11D3-BF4B-00C04F79EFBC}") = "roll-die", "roll-die\roll-die.csproj", "{0BB8C5E2-C8F5-416A-B25A-29F5DE3CF454}"
EndProject
Global
	GlobalSection(SolutionConfigurationPlatforms) = preSolution
		Debug|Any CPU = Debug|Any CPU
		Release|Any CPU = Release|Any CPU
	EndGlobalSection
	GlobalSection(ProjectConfigurationPlatforms) = postSolution
		{0BB8C5E2-C8F5-416A-B25A-29F5DE3CF454}.Debug|Any CPU.ActiveCfg = Debug|Any CPU
		{0BB8C5E2-C8F5-416A-B25A-29F5DE3CF454}.Debug|Any CPU.Build.0 = Debug|Any CPU
		{0BB8C5E2-C8F5-416A-B25A-29F5DE3CF454}.Release|Any CPU.ActiveCfg = Release|Any CPU
		{0BB8C5E2-C8F5-416A-B25A-29F5DE3CF454}.Release|Any CPU.Build.0 = Release|Any CPU
	EndGlobalSection
	GlobalSection(SolutionProperties) = preSolution
		HideSolutionNode = FALSE
	EndGlobalSection
	GlobalSection(ExtensibilityGlobals) = postSolution
		SolutionGuid = {AFC3F4CD-D455-428B-A21D-B004FD7789E2}
	EndGlobalSection
EndGlobal
