
Microsoft Visual Studio Solution File, Format Version 12.00
# Visual Studio Version 16
VisualStudioVersion = 16.0.30611.23
MinimumVisualStudioVersion = 10.0.40219.1
Project("{FAE04EC0-301F-11D3-BF4B-00C04F79EFBC}") = "AccountPolymorephicApp", "AccountPolymorephicApp\AccountPolymorephicApp.csproj", "{ABE8B561-53FA-43F7-8813-D65C8C71583D}"
EndProject
Global
	GlobalSection(SolutionConfigurationPlatforms) = preSolution
		Debug|Any CPU = Debug|Any CPU
		Release|Any CPU = Release|Any CPU
	EndGlobalSection
	GlobalSection(ProjectConfigurationPlatforms) = postSolution
		{ABE8B561-53FA-43F7-8813-D65C8C71583D}.Debug|Any CPU.ActiveCfg = Debug|Any CPU
		{ABE8B561-53FA-43F7-8813-D65C8C71583D}.Debug|Any CPU.Build.0 = Debug|Any CPU
		{ABE8B561-53FA-43F7-8813-D65C8C71583D}.Release|Any CPU.ActiveCfg = Release|Any CPU
		{ABE8B561-53FA-43F7-8813-D65C8C71583D}.Release|Any CPU.Build.0 = Release|Any CPU
	EndGlobalSection
	GlobalSection(SolutionProperties) = preSolution
		HideSolutionNode = FALSE
	EndGlobalSection
	GlobalSection(ExtensibilityGlobals) = postSolution
		SolutionGuid = {DAD0FA22-BB3B-4273-ABDC-1990584F5BE9}
	EndGlobalSection
EndGlobal
