
Microsoft Visual Studio Solution File, Format Version 12.00
# Visual Studio Version 16
VisualStudioVersion = 16.0.30611.23
MinimumVisualStudioVersion = 10.0.40219.1
Project("{FAE04EC0-301F-11D3-BF4B-00C04F79EFBC}") = "StudentApp", "StudentApp\StudentApp.csproj", "{B767E42C-F70A-4D5C-95C7-314C2A723425}"
EndProject
Global
	GlobalSection(SolutionConfigurationPlatforms) = preSolution
		Debug|Any CPU = Debug|Any CPU
		Release|Any CPU = Release|Any CPU
	EndGlobalSection
	GlobalSection(ProjectConfigurationPlatforms) = postSolution
		{B767E42C-F70A-4D5C-95C7-314C2A723425}.Debug|Any CPU.ActiveCfg = Debug|Any CPU
		{B767E42C-F70A-4D5C-95C7-314C2A723425}.Debug|Any CPU.Build.0 = Debug|Any CPU
		{B767E42C-F70A-4D5C-95C7-314C2A723425}.Release|Any CPU.ActiveCfg = Release|Any CPU
		{B767E42C-F70A-4D5C-95C7-314C2A723425}.Release|Any CPU.Build.0 = Release|Any CPU
	EndGlobalSection
	GlobalSection(SolutionProperties) = preSolution
		HideSolutionNode = FALSE
	EndGlobalSection
	GlobalSection(ExtensibilityGlobals) = postSolution
		SolutionGuid = {059F46F1-7D9E-46E5-8D2C-BCD4B5C61C95}
	EndGlobalSection
EndGlobal
