
Microsoft Visual Studio Solution File, Format Version 12.00
# Visual Studio Version 16
VisualStudioVersion = 16.0.30611.23
MinimumVisualStudioVersion = 10.0.40219.1
Project("{FAE04EC0-301F-11D3-BF4B-00C04F79EFBC}") = "DelegateDemoApp", "DelegateDemoApp\DelegateDemoApp.csproj", "{D714CAB2-BF9B-40E4-BC8D-6D6ADFD65774}"
EndProject
Global
	GlobalSection(SolutionConfigurationPlatforms) = preSolution
		Debug|Any CPU = Debug|Any CPU
		Release|Any CPU = Release|Any CPU
	EndGlobalSection
	GlobalSection(ProjectConfigurationPlatforms) = postSolution
		{D714CAB2-BF9B-40E4-BC8D-6D6ADFD65774}.Debug|Any CPU.ActiveCfg = Debug|Any CPU
		{D714CAB2-BF9B-40E4-BC8D-6D6ADFD65774}.Debug|Any CPU.Build.0 = Debug|Any CPU
		{D714CAB2-BF9B-40E4-BC8D-6D6ADFD65774}.Release|Any CPU.ActiveCfg = Release|Any CPU
		{D714CAB2-BF9B-40E4-BC8D-6D6ADFD65774}.Release|Any CPU.Build.0 = Release|Any CPU
	EndGlobalSection
	GlobalSection(SolutionProperties) = preSolution
		HideSolutionNode = FALSE
	EndGlobalSection
	GlobalSection(ExtensibilityGlobals) = postSolution
		SolutionGuid = {1C1A9E24-4430-4C23-8935-CF1C899A0D8C}
	EndGlobalSection
EndGlobal
