
Microsoft Visual Studio Solution File, Format Version 12.00
# Visual Studio Version 16
VisualStudioVersion = 16.0.30621.155
MinimumVisualStudioVersion = 10.0.40219.1
Project("{FAE04EC0-301F-11D3-BF4B-00C04F79EFBC}") = "DecoratorPattern", "DecoratorPattern\DecoratorPattern.csproj", "{CE559E9A-EAC2-4E74-92D3-3C446E4C2CCC}"
EndProject
Global
	GlobalSection(SolutionConfigurationPlatforms) = preSolution
		Debug|Any CPU = Debug|Any CPU
		Release|Any CPU = Release|Any CPU
	EndGlobalSection
	GlobalSection(ProjectConfigurationPlatforms) = postSolution
		{CE559E9A-EAC2-4E74-92D3-3C446E4C2CCC}.Debug|Any CPU.ActiveCfg = Debug|Any CPU
		{CE559E9A-EAC2-4E74-92D3-3C446E4C2CCC}.Debug|Any CPU.Build.0 = Debug|Any CPU
		{CE559E9A-EAC2-4E74-92D3-3C446E4C2CCC}.Release|Any CPU.ActiveCfg = Release|Any CPU
		{CE559E9A-EAC2-4E74-92D3-3C446E4C2CCC}.Release|Any CPU.Build.0 = Release|Any CPU
	EndGlobalSection
	GlobalSection(SolutionProperties) = preSolution
		HideSolutionNode = FALSE
	EndGlobalSection
	GlobalSection(ExtensibilityGlobals) = postSolution
		SolutionGuid = {ACD99000-23C8-4E2A-9313-312FFE428F1D}
	EndGlobalSection
EndGlobal
