
Microsoft Visual Studio Solution File, Format Version 12.00
# Visual Studio Version 16
VisualStudioVersion = 16.0.30611.23
MinimumVisualStudioVersion = 10.0.40219.1
Project("{FAE04EC0-301F-11D3-BF4B-00C04F79EFBC}") = "ConsoleBasedWindowsFormDemoApp", "ConsoleBasedWindowsFormDemoApp\ConsoleBasedWindowsFormDemoApp.csproj", "{2C76D28E-13BC-41B5-99FB-705628A2F1CC}"
EndProject
Global
	GlobalSection(SolutionConfigurationPlatforms) = preSolution
		Debug|Any CPU = Debug|Any CPU
		Release|Any CPU = Release|Any CPU
	EndGlobalSection
	GlobalSection(ProjectConfigurationPlatforms) = postSolution
		{2C76D28E-13BC-41B5-99FB-705628A2F1CC}.Debug|Any CPU.ActiveCfg = Debug|Any CPU
		{2C76D28E-13BC-41B5-99FB-705628A2F1CC}.Debug|Any CPU.Build.0 = Debug|Any CPU
		{2C76D28E-13BC-41B5-99FB-705628A2F1CC}.Release|Any CPU.ActiveCfg = Release|Any CPU
		{2C76D28E-13BC-41B5-99FB-705628A2F1CC}.Release|Any CPU.Build.0 = Release|Any CPU
	EndGlobalSection
	GlobalSection(SolutionProperties) = preSolution
		HideSolutionNode = FALSE
	EndGlobalSection
	GlobalSection(ExtensibilityGlobals) = postSolution
		SolutionGuid = {9E4B43FF-E913-4CF9-87D5-C19E24DAD9A3}
	EndGlobalSection
EndGlobal
