
Microsoft Visual Studio Solution File, Format Version 12.00
# Visual Studio Version 16
VisualStudioVersion = 16.0.30621.155
MinimumVisualStudioVersion = 10.0.40219.1
Project("{FAE04EC0-301F-11D3-BF4B-00C04F79EFBC}") = "TicTacToeOOAD", "TicTacToeOOAD\TicTacToeOOAD.csproj", "{11AF548F-E2D5-4A86-8D52-A78D261C27E2}"
EndProject
Global
	GlobalSection(SolutionConfigurationPlatforms) = preSolution
		Debug|Any CPU = Debug|Any CPU
		Release|Any CPU = Release|Any CPU
	EndGlobalSection
	GlobalSection(ProjectConfigurationPlatforms) = postSolution
		{11AF548F-E2D5-4A86-8D52-A78D261C27E2}.Debug|Any CPU.ActiveCfg = Debug|Any CPU
		{11AF548F-E2D5-4A86-8D52-A78D261C27E2}.Debug|Any CPU.Build.0 = Debug|Any CPU
		{11AF548F-E2D5-4A86-8D52-A78D261C27E2}.Release|Any CPU.ActiveCfg = Release|Any CPU
		{11AF548F-E2D5-4A86-8D52-A78D261C27E2}.Release|Any CPU.Build.0 = Release|Any CPU
	EndGlobalSection
	GlobalSection(SolutionProperties) = preSolution
		HideSolutionNode = FALSE
	EndGlobalSection
	GlobalSection(ExtensibilityGlobals) = postSolution
		SolutionGuid = {0CB035F5-528F-4A3E-AB94-0A11ED99B28A}
	EndGlobalSection
EndGlobal
