
Microsoft Visual Studio Solution File, Format Version 12.00
# Visual Studio Version 16
VisualStudioVersion = 16.0.30611.23
MinimumVisualStudioVersion = 10.0.40219.1
Project("{FAE04EC0-301F-11D3-BF4B-00C04F79EFBC}") = "TaskListApp", "TaskListApp\TaskListApp.csproj", "{FCB8D774-EDAC-4AA5-863B-905F3E67760D}"
EndProject
Global
	GlobalSection(SolutionConfigurationPlatforms) = preSolution
		Debug|Any CPU = Debug|Any CPU
		Release|Any CPU = Release|Any CPU
	EndGlobalSection
	GlobalSection(ProjectConfigurationPlatforms) = postSolution
		{FCB8D774-EDAC-4AA5-863B-905F3E67760D}.Debug|Any CPU.ActiveCfg = Debug|Any CPU
		{FCB8D774-EDAC-4AA5-863B-905F3E67760D}.Debug|Any CPU.Build.0 = Debug|Any CPU
		{FCB8D774-EDAC-4AA5-863B-905F3E67760D}.Release|Any CPU.ActiveCfg = Release|Any CPU
		{FCB8D774-EDAC-4AA5-863B-905F3E67760D}.Release|Any CPU.Build.0 = Release|Any CPU
	EndGlobalSection
	GlobalSection(SolutionProperties) = preSolution
		HideSolutionNode = FALSE
	EndGlobalSection
	GlobalSection(ExtensibilityGlobals) = postSolution
		SolutionGuid = {0650F65E-1349-449D-9A41-79BA485EEAF7}
	EndGlobalSection
EndGlobal
