
Microsoft Visual Studio Solution File, Format Version 12.00
# Visual Studio Version 16
VisualStudioVersion = 16.0.30611.23
MinimumVisualStudioVersion = 10.0.40219.1
Project("{FAE04EC0-301F-11D3-BF4B-00C04F79EFBC}") = "WebApplicationButtonDemoApp", "WebApplicationButtonDemoApp\WebApplicationButtonDemoApp.csproj", "{AB9745DB-DEDC-44C8-9DDC-6A5E094DD0B9}"
EndProject
Global
	GlobalSection(SolutionConfigurationPlatforms) = preSolution
		Debug|Any CPU = Debug|Any CPU
		Release|Any CPU = Release|Any CPU
	EndGlobalSection
	GlobalSection(ProjectConfigurationPlatforms) = postSolution
		{AB9745DB-DEDC-44C8-9DDC-6A5E094DD0B9}.Debug|Any CPU.ActiveCfg = Debug|Any CPU
		{AB9745DB-DEDC-44C8-9DDC-6A5E094DD0B9}.Debug|Any CPU.Build.0 = Debug|Any CPU
		{AB9745DB-DEDC-44C8-9DDC-6A5E094DD0B9}.Release|Any CPU.ActiveCfg = Release|Any CPU
		{AB9745DB-DEDC-44C8-9DDC-6A5E094DD0B9}.Release|Any CPU.Build.0 = Release|Any CPU
	EndGlobalSection
	GlobalSection(SolutionProperties) = preSolution
		HideSolutionNode = FALSE
	EndGlobalSection
	GlobalSection(ExtensibilityGlobals) = postSolution
		SolutionGuid = {70AA9195-2601-485F-87C2-F70C896EDC82}
	EndGlobalSection
EndGlobal
