
Microsoft Visual Studio Solution File, Format Version 12.00
# Visual Studio Version 16
VisualStudioVersion = 16.0.30611.23
MinimumVisualStudioVersion = 10.0.40219.1
Project("{FAE04EC0-301F-11D3-BF4B-00C04F79EFBC}") = "FibbonaciSeriesApp", "FibbonaciSeriesApp\FibbonaciSeriesApp.csproj", "{1B563B1C-330A-4AD4-ACB6-59BB680E50A5}"
EndProject
Global
	GlobalSection(SolutionConfigurationPlatforms) = preSolution
		Debug|Any CPU = Debug|Any CPU
		Release|Any CPU = Release|Any CPU
	EndGlobalSection
	GlobalSection(ProjectConfigurationPlatforms) = postSolution
		{1B563B1C-330A-4AD4-ACB6-59BB680E50A5}.Debug|Any CPU.ActiveCfg = Debug|Any CPU
		{1B563B1C-330A-4AD4-ACB6-59BB680E50A5}.Debug|Any CPU.Build.0 = Debug|Any CPU
		{1B563B1C-330A-4AD4-ACB6-59BB680E50A5}.Release|Any CPU.ActiveCfg = Release|Any CPU
		{1B563B1C-330A-4AD4-ACB6-59BB680E50A5}.Release|Any CPU.Build.0 = Release|Any CPU
	EndGlobalSection
	GlobalSection(SolutionProperties) = preSolution
		HideSolutionNode = FALSE
	EndGlobalSection
	GlobalSection(ExtensibilityGlobals) = postSolution
		SolutionGuid = {A3901BE6-098F-4019-BA67-37B4957E6DF4}
	EndGlobalSection
EndGlobal
