
Microsoft Visual Studio Solution File, Format Version 12.00
# Visual Studio Version 16
VisualStudioVersion = 16.0.30611.23
MinimumVisualStudioVersion = 10.0.40219.1
Project("{FAE04EC0-301F-11D3-BF4B-00C04F79EFBC}") = "HelloWorldDemoApp", "HelloWorldDemoApp\HelloWorldDemoApp.csproj", "{D6D82F38-387B-4DAD-BB8C-9686106B8A2C}"
EndProject
Global
	GlobalSection(SolutionConfigurationPlatforms) = preSolution
		Debug|Any CPU = Debug|Any CPU
		Release|Any CPU = Release|Any CPU
	EndGlobalSection
	GlobalSection(ProjectConfigurationPlatforms) = postSolution
		{D6D82F38-387B-4DAD-BB8C-9686106B8A2C}.Debug|Any CPU.ActiveCfg = Debug|Any CPU
		{D6D82F38-387B-4DAD-BB8C-9686106B8A2C}.Debug|Any CPU.Build.0 = Debug|Any CPU
		{D6D82F38-387B-4DAD-BB8C-9686106B8A2C}.Release|Any CPU.ActiveCfg = Release|Any CPU
		{D6D82F38-387B-4DAD-BB8C-9686106B8A2C}.Release|Any CPU.Build.0 = Release|Any CPU
	EndGlobalSection
	GlobalSection(SolutionProperties) = preSolution
		HideSolutionNode = FALSE
	EndGlobalSection
	GlobalSection(ExtensibilityGlobals) = postSolution
		SolutionGuid = {5262EAFC-3E74-4C1F-9F30-0E8C68158AEF}
	EndGlobalSection
EndGlobal
