
Microsoft Visual Studio Solution File, Format Version 12.00
# Visual Studio Version 16
VisualStudioVersion = 16.0.30611.23
MinimumVisualStudioVersion = 10.0.40219.1
Project("{FAE04EC0-301F-11D3-BF4B-00C04F79EFBC}") = "LibraryBookApp", "LibraryBookApp\LibraryBookApp.csproj", "{2D5D0824-AC99-413F-A910-9BB79FBFC358}"
EndProject
Global
	GlobalSection(SolutionConfigurationPlatforms) = preSolution
		Debug|Any CPU = Debug|Any CPU
		Release|Any CPU = Release|Any CPU
	EndGlobalSection
	GlobalSection(ProjectConfigurationPlatforms) = postSolution
		{2D5D0824-AC99-413F-A910-9BB79FBFC358}.Debug|Any CPU.ActiveCfg = Debug|Any CPU
		{2D5D0824-AC99-413F-A910-9BB79FBFC358}.Debug|Any CPU.Build.0 = Debug|Any CPU
		{2D5D0824-AC99-413F-A910-9BB79FBFC358}.Release|Any CPU.ActiveCfg = Release|Any CPU
		{2D5D0824-AC99-413F-A910-9BB79FBFC358}.Release|Any CPU.Build.0 = Release|Any CPU
	EndGlobalSection
	GlobalSection(SolutionProperties) = preSolution
		HideSolutionNode = FALSE
	EndGlobalSection
	GlobalSection(ExtensibilityGlobals) = postSolution
		SolutionGuid = {49D690A0-6224-4AF4-8EC1-346B8C6CF612}
	EndGlobalSection
EndGlobal
