
Microsoft Visual Studio Solution File, Format Version 12.00
# Visual Studio Version 16
VisualStudioVersion = 16.0.30611.23
MinimumVisualStudioVersion = 10.0.40219.1
Project("{FAE04EC0-301F-11D3-BF4B-00C04F79EFBC}") = "CompositePatternDemoApp", "CompositePatternDemoApp\CompositePatternDemoApp.csproj", "{77189C02-E45F-424A-90A5-D3F2DDC9BD65}"
EndProject
Global
	GlobalSection(SolutionConfigurationPlatforms) = preSolution
		Debug|Any CPU = Debug|Any CPU
		Release|Any CPU = Release|Any CPU
	EndGlobalSection
	GlobalSection(ProjectConfigurationPlatforms) = postSolution
		{77189C02-E45F-424A-90A5-D3F2DDC9BD65}.Debug|Any CPU.ActiveCfg = Debug|Any CPU
		{77189C02-E45F-424A-90A5-D3F2DDC9BD65}.Debug|Any CPU.Build.0 = Debug|Any CPU
		{77189C02-E45F-424A-90A5-D3F2DDC9BD65}.Release|Any CPU.ActiveCfg = Release|Any CPU
		{77189C02-E45F-424A-90A5-D3F2DDC9BD65}.Release|Any CPU.Build.0 = Release|Any CPU
	EndGlobalSection
	GlobalSection(SolutionProperties) = preSolution
		HideSolutionNode = FALSE
	EndGlobalSection
	GlobalSection(ExtensibilityGlobals) = postSolution
		SolutionGuid = {F5AF7C26-07DC-494B-BAC4-6A0674C14FD5}
	EndGlobalSection
EndGlobal
