
Microsoft Visual Studio Solution File, Format Version 12.00
# Visual Studio Version 16
VisualStudioVersion = 16.0.30611.23
MinimumVisualStudioVersion = 10.0.40219.1
Project("{FAE04EC0-301F-11D3-BF4B-00C04F79EFBC}") = "LPSDemoApp", "LPSDemoApp\LPSDemoApp.csproj", "{76F1B0CD-6B2A-46EB-B8CC-FBB746217B84}"
EndProject
Global
	GlobalSection(SolutionConfigurationPlatforms) = preSolution
		Debug|Any CPU = Debug|Any CPU
		Release|Any CPU = Release|Any CPU
	EndGlobalSection
	GlobalSection(ProjectConfigurationPlatforms) = postSolution
		{76F1B0CD-6B2A-46EB-B8CC-FBB746217B84}.Debug|Any CPU.ActiveCfg = Debug|Any CPU
		{76F1B0CD-6B2A-46EB-B8CC-FBB746217B84}.Debug|Any CPU.Build.0 = Debug|Any CPU
		{76F1B0CD-6B2A-46EB-B8CC-FBB746217B84}.Release|Any CPU.ActiveCfg = Release|Any CPU
		{76F1B0CD-6B2A-46EB-B8CC-FBB746217B84}.Release|Any CPU.Build.0 = Release|Any CPU
	EndGlobalSection
	GlobalSection(SolutionProperties) = preSolution
		HideSolutionNode = FALSE
	EndGlobalSection
	GlobalSection(ExtensibilityGlobals) = postSolution
		SolutionGuid = {2FE0938B-C60C-4B28-9F3F-F6CDD3F1DE7B}
	EndGlobalSection
EndGlobal
