
Microsoft Visual Studio Solution File, Format Version 12.00
# Visual Studio Version 16
VisualStudioVersion = 16.0.30611.23
MinimumVisualStudioVersion = 10.0.40219.1
Project("{FAE04EC0-301F-11D3-BF4B-00C04F79EFBC}") = "CandidateTestApp", "CandidateTestApp\CandidateTestApp.csproj", "{295B404D-2B61-4BE1-AB55-91A0BD38AF11}"
EndProject
Global
	GlobalSection(SolutionConfigurationPlatforms) = preSolution
		Debug|Any CPU = Debug|Any CPU
		Release|Any CPU = Release|Any CPU
	EndGlobalSection
	GlobalSection(ProjectConfigurationPlatforms) = postSolution
		{295B404D-2B61-4BE1-AB55-91A0BD38AF11}.Debug|Any CPU.ActiveCfg = Debug|Any CPU
		{295B404D-2B61-4BE1-AB55-91A0BD38AF11}.Debug|Any CPU.Build.0 = Debug|Any CPU
		{295B404D-2B61-4BE1-AB55-91A0BD38AF11}.Release|Any CPU.ActiveCfg = Release|Any CPU
		{295B404D-2B61-4BE1-AB55-91A0BD38AF11}.Release|Any CPU.Build.0 = Release|Any CPU
	EndGlobalSection
	GlobalSection(SolutionProperties) = preSolution
		HideSolutionNode = FALSE
	EndGlobalSection
	GlobalSection(ExtensibilityGlobals) = postSolution
		SolutionGuid = {252A095E-B569-4FEE-9AE5-5F8BA806A4C6}
	EndGlobalSection
EndGlobal
