
Microsoft Visual Studio Solution File, Format Version 12.00
# Visual Studio Version 16
VisualStudioVersion = 16.0.30611.23
MinimumVisualStudioVersion = 10.0.40219.1
Project("{FAE04EC0-301F-11D3-BF4B-00C04F79EFBC}") = "AreaPerimeterOfCircleApp", "AreaPerimeterOfCircleApp\AreaPerimeterOfCircleApp.csproj", "{6079EF0C-665C-4AFD-96E1-C8206E9A3CAE}"
EndProject
Global
	GlobalSection(SolutionConfigurationPlatforms) = preSolution
		Debug|Any CPU = Debug|Any CPU
		Release|Any CPU = Release|Any CPU
	EndGlobalSection
	GlobalSection(ProjectConfigurationPlatforms) = postSolution
		{6079EF0C-665C-4AFD-96E1-C8206E9A3CAE}.Debug|Any CPU.ActiveCfg = Debug|Any CPU
		{6079EF0C-665C-4AFD-96E1-C8206E9A3CAE}.Debug|Any CPU.Build.0 = Debug|Any CPU
		{6079EF0C-665C-4AFD-96E1-C8206E9A3CAE}.Release|Any CPU.ActiveCfg = Release|Any CPU
		{6079EF0C-665C-4AFD-96E1-C8206E9A3CAE}.Release|Any CPU.Build.0 = Release|Any CPU
	EndGlobalSection
	GlobalSection(SolutionProperties) = preSolution
		HideSolutionNode = FALSE
	EndGlobalSection
	GlobalSection(ExtensibilityGlobals) = postSolution
		SolutionGuid = {317C10F6-F12E-4B04-95AF-2F13DBFC7644}
	EndGlobalSection
EndGlobal
